// !$*UTF8*$!
{
	archiveVersion = 1;
	classes = {
	};
	objectVersion = 50;
	objects = {

/* Begin PBXBuildFile section */
		64A3BC4220D4D66B00CF0E79 /* AppDelegate.swift in Sources */ = {isa = PBXBuildFile; fileRef = 64A3BC4120D4D66B00CF0E79 /* AppDelegate.swift */; };
		64A3BC4420D4D66B00CF0E79 /* ViewController.swift in Sources */ = {isa = PBXBuildFile; fileRef = 64A3BC4320D4D66B00CF0E79 /* ViewController.swift */; };
		64A3BC4720D4D66B00CF0E79 /* Main.storyboard in Resources */ = {isa = PBXBuildFile; fileRef = 64A3BC4520D4D66B00CF0E79 /* Main.storyboard */; };
		64A3BC4920D4D66C00CF0E79 /* Assets.xcassets in Resources */ = {isa = PBXBuildFile; fileRef = 64A3BC4820D4D66C00CF0E79 /* Assets.xcassets */; };
		64A3BC4C20D4D66C00CF0E79 /* LaunchScreen.storyboard in Resources */ = {isa = PBXBuildFile; fileRef = 64A3BC4A20D4D66C00CF0E79 /* LaunchScreen.storyboard */; };
		64A3BC6420D4E20E00CF0E79 /* RecorderError.swift in Sources */ = {isa = PBXBuildFile; fileRef = 64A3BC5C20D4E20E00CF0E79 /* RecorderError.swift */; };
		64A3BC6520D4E20E00CF0E79 /* Recorder.swift in Sources */ = {isa = PBXBuildFile; fileRef = 64A3BC5D20D4E20E00CF0E79 /* Recorder.swift */; };
		64A3BC6620D4E20E00CF0E79 /* Capture.swift in Sources */ = {isa = PBXBuildFile; fileRef = 64A3BC5E20D4E20E00CF0E79 /* Capture.swift */; };
		64A3BC6720D4E20E00CF0E79 /* FilterCamViewController.swift in Sources */ = {isa = PBXBuildFile; fileRef = 64A3BC5F20D4E20E00CF0E79 /* FilterCamViewController.swift */; };
		64A3BC6820D4E20E00CF0E79 /* CaptureError.swift in Sources */ = {isa = PBXBuildFile; fileRef = 64A3BC6020D4E20E00CF0E79 /* CaptureError.swift */; };
		64A3BC6A20D4E20E00CF0E79 /* FrameRateCalculator.swift in Sources */ = {isa = PBXBuildFile; fileRef = 64A3BC6320D4E20E00CF0E79 /* FrameRateCalculator.swift */; };
		64A3BC6C20D4FC7100CF0E79 /* Composer.swift in Sources */ = {isa = PBXBuildFile; fileRef = 64A3BC6B20D4FC7100CF0E79 /* Composer.swift */; };
/* End PBXBuildFile section */

/* Begin PBXFileReference section */
		64A3BC3E20D4D66B00CF0E79 /* Example.app */ = {isa = PBXFileReference; explicitFileType = wrapper.application; includeInIndex = 0; path = Example.app; sourceTree = BUILT_PRODUCTS_DIR; };
		64A3BC4120D4D66B00CF0E79 /* AppDelegate.swift */ = {isa = PBXFileReference; lastKnownFileType = sourcecode.swift; path = AppDelegate.swift; sourceTree = "<group>"; };
		64A3BC4320D4D66B00CF0E79 /* ViewController.swift */ = {isa = PBXFileReference; lastKnownFileType = sourcecode.swift; path = ViewController.swift; sourceTree = "<group>"; };
		64A3BC4620D4D66B00CF0E79 /* Base */ = {isa = PBXFileReference; lastKnownFileType = file.storyboard; name = Base; path = Base.lproj/Main.storyboard; sourceTree = "<group>"; };
		64A3BC4820D4D66C00CF0E79 /* Assets.xcassets */ = {isa = PBXFileReference; lastKnownFileType = folder.assetcatalog; path = Assets.xcassets; sourceTree = "<group>"; };
		64A3BC4B20D4D66C00CF0E79 /* Base */ = {isa = PBXFileReference; lastKnownFileType = file.storyboard; name = Base; path = Base.lproj/LaunchScreen.storyboard; sourceTree = "<group>"; };
		64A3BC4D20D4D66C00CF0E79 /* Info.plist */ = {isa = PBXFileReference; lastKnownFileType = text.plist.xml; path = Info.plist; sourceTree = "<group>"; };
		64A3BC5C20D4E20E00CF0E79 /* RecorderError.swift */ = {isa = PBXFileReference; fileEncoding = 4; lastKnownFileType = sourcecode.swift; path = RecorderError.swift; sourceTree = "<group>"; };
		64A3BC5D20D4E20E00CF0E79 /* Recorder.swift */ = {isa = PBXFileReference; fileEncoding = 4; lastKnownFileType = sourcecode.swift; path = Recorder.swift; sourceTree = "<group>"; };
		64A3BC5E20D4E20E00CF0E79 /* Capture.swift */ = {isa = PBXFileReference; fileEncoding = 4; lastKnownFileType = sourcecode.swift; path = Capture.swift; sourceTree = "<group>"; };
		64A3BC5F20D4E20E00CF0E79 /* FilterCamViewController.swift */ = {isa = PBXFileReference; fileEncoding = 4; lastKnownFileType = sourcecode.swift; path = FilterCamViewController.swift; sourceTree = "<group>"; };
		64A3BC6020D4E20E00CF0E79 /* CaptureError.swift */ = {isa = PBXFileReference; fileEncoding = 4; lastKnownFileType = sourcecode.swift; path = CaptureError.swift; sourceTree = "<group>"; };
		64A3BC6320D4E20E00CF0E79 /* FrameRateCalculator.swift */ = {isa = PBXFileReference; fileEncoding = 4; lastKnownFileType = sourcecode.swift; path = FrameRateCalculator.swift; sourceTree = "<group>"; };
		64A3BC6B20D4FC7100CF0E79 /* Composer.swift */ = {isa = PBXFileReference; lastKnownFileType = sourcecode.swift; path = Composer.swift; sourceTree = "<group>"; };
/* End PBXFileReference section */

/* Begin PBXFrameworksBuildPhase section */
		64A3BC3B20D4D66B00CF0E79 /* Frameworks */ = {
			isa = PBXFrameworksBuildPhase;
			buildActionMask = 2147483647;
			files = (
			);
			runOnlyForDeploymentPostprocessing = 0;
		};
/* End PBXFrameworksBuildPhase section */

/* Begin PBXGroup section */
		64A3BC3520D4D66B00CF0E79 = {
			isa = PBXGroup;
			children = (
				64A3BC5B20D4E20E00CF0E79 /* FilterCam */,
				64A3BC4020D4D66B00CF0E79 /* Example */,
				64A3BC3F20D4D66B00CF0E79 /* Products */,
			);
			sourceTree = "<group>";
		};
		64A3BC3F20D4D66B00CF0E79 /* Products */ = {
			isa = PBXGroup;
			children = (
				64A3BC3E20D4D66B00CF0E79 /* Example.app */,
			);
			name = Products;
			sourceTree = "<group>";
		};
		64A3BC4020D4D66B00CF0E79 /* Example */ = {
			isa = PBXGroup;
			children = (
				64A3BC4120D4D66B00CF0E79 /* AppDelegate.swift */,
				64A3BC4320D4D66B00CF0E79 /* ViewController.swift */,
				64A3BC4520D4D66B00CF0E79 /* Main.storyboard */,
				64A3BC4820D4D66C00CF0E79 /* Assets.xcassets */,
				64A3BC4A20D4D66C00CF0E79 /* LaunchScreen.storyboard */,
				64A3BC4D20D4D66C00CF0E79 /* Info.plist */,
			);
			path = Example;
			sourceTree = "<group>";
		};
		64A3BC5B20D4E20E00CF0E79 /* FilterCam */ = {
			isa = PBXGroup;
			children = (
				64A3BC5C20D4E20E00CF0E79 /* RecorderError.swift */,
				64A3BC5D20D4E20E00CF0E79 /* Recorder.swift */,
				64A3BC5E20D4E20E00CF0E79 /* Capture.swift */,
				64A3BC5F20D4E20E00CF0E79 /* FilterCamViewController.swift */,
				64A3BC6020D4E20E00CF0E79 /* CaptureError.swift */,
				64A3BC6320D4E20E00CF0E79 /* FrameRateCalculator.swift */,
				64A3BC6B20D4FC7100CF0E79 /* Composer.swift */,
			);
			name = FilterCam;
			path = ../FilterCam;
			sourceTree = "<group>";
		};
/* End PBXGroup section */

/* Begin PBXNativeTarget section */
		64A3BC3D20D4D66B00CF0E79 /* Example */ = {
			isa = PBXNativeTarget;
			buildConfigurationList = 64A3BC5020D4D66C00CF0E79 /* Build configuration list for PBXNativeTarget "Example" */;
			buildPhases = (
				64A3BC3A20D4D66B00CF0E79 /* Sources */,
				64A3BC3B20D4D66B00CF0E79 /* Frameworks */,
				64A3BC3C20D4D66B00CF0E79 /* Resources */,
			);
			buildRules = (
			);
			dependencies = (
			);
			name = Example;
			productName = Example;
			productReference = 64A3BC3E20D4D66B00CF0E79 /* Example.app */;
			productType = "com.apple.product-type.application";
		};
/* End PBXNativeTarget section */

/* Begin PBXProject section */
		64A3BC3620D4D66B00CF0E79 /* Project object */ = {
			isa = PBXProject;
			attributes = {
				LastSwiftUpdateCheck = 0940;
				LastUpgradeCheck = 0940;
				ORGANIZATIONNAME = "hajime-nakamura";
				TargetAttributes = {
					64A3BC3D20D4D66B00CF0E79 = {
						CreatedOnToolsVersion = 9.4;
					};
				};
			};
			buildConfigurationList = 64A3BC3920D4D66B00CF0E79 /* Build configuration list for PBXProject "Example" */;
			compatibilityVersion = "Xcode 9.3";
			developmentRegion = en;
			hasScannedForEncodings = 0;
			knownRegions = (
				en,
				Base,
			);
			mainGroup = 64A3BC3520D4D66B00CF0E79;
			productRefGroup = 64A3BC3F20D4D66B00CF0E79 /* Products */;
			projectDirPath = "";
			projectRoot = "";
			targets = (
				64A3BC3D20D4D66B00CF0E79 /* Example */,
			);
		};
/* End PBXProject section */

/* Begin PBXResourcesBuildPhase section */
		64A3BC3C20D4D66B00CF0E79 /* Resources */ = {
			isa = PBXResourcesBuildPhase;
			buildActionMask = 2147483647;
			files = (
				64A3BC4C20D4D66C00CF0E79 /* LaunchScreen.storyboard in Resources */,
				64A3BC4920D4D66C00CF0E79 /* Assets.xcassets in Resources */,
				64A3BC4720D4D66B00CF0E79 /* Main.storyboard in Resources */,
			);
			runOnlyForDeploymentPostprocessing = 0;
		};
/* End PBXResourcesBuildPhase section */

/* Begin PBXSourcesBuildPhase section */
		64A3BC3A20D4D66B00CF0E79 /* Sources */ = {
			isa = PBXSourcesBuildPhase;
			buildActionMask = 2147483647;
			files = (
				64A3BC6720D4E20E00CF0E79 /* FilterCamViewController.swift in Sources */,
				64A3BC4420D4D66B00CF0E79 /* ViewController.swift in Sources */,
				64A3BC6C20D4FC7100CF0E79 /* Composer.swift in Sources */,
				64A3BC4220D4D66B00CF0E79 /* AppDelegate.swift in Sources */,
				64A3BC6420D4E20E00CF0E79 /* RecorderError.swift in Sources */,
				64A3BC6620D4E20E00CF0E79 /* Capture.swift in Sources */,
				64A3BC6A20D4E20E00CF0E79 /* FrameRateCalculator.swift in Sources */,
				64A3BC6520D4E20E00CF0E79 /* Recorder.swift in Sources */,
				64A3BC6820D4E20E00CF0E79 /* CaptureError.swift in Sources */,
			);
			runOnlyForDeploymentPostprocessing = 0;
		};
/* End PBXSourcesBuildPhase section */

/* Begin PBXVariantGroup section */
		64A3BC4520D4D66B00CF0E79 /* Main.storyboard */ = {
			isa = PBXVariantGroup;
			children = (
				64A3BC4620D4D66B00CF0E79 /* Base */,
			);
			name = Main.storyboard;
			sourceTree = "<group>";
		};
		64A3BC4A20D4D66C00CF0E79 /* LaunchScreen.storyboard */ = {
			isa = PBXVariantGroup;
			children = (
				64A3BC4B20D4D66C00CF0E79 /* Base */,
			);
			name = LaunchScreen.storyboard;
			sourceTree = "<group>";
		};
/* End PBXVariantGroup section */

/* Begin XCBuildConfiguration section */
		64A3BC4E20D4D66C00CF0E79 /* Debug */ = {
			isa = XCBuildConfiguration;
			buildSettings = {
				ALWAYS_SEARCH_USER_PATHS = NO;
				CLANG_ANALYZER_NONNULL = YES;
				CLANG_ANALYZER_NUMBER_OBJECT_CONVERSION = YES_AGGRESSIVE;
				CLANG_CXX_LANGUAGE_STANDARD = "gnu++14";
				CLANG_CXX_LIBRARY = "libc++";
				CLANG_ENABLE_MODULES = YES;
				CLANG_ENABLE_OBJC_ARC = YES;
				CLANG_ENABLE_OBJC_WEAK = YES;
				CLANG_WARN_BLOCK_CAPTURE_AUTORELEASING = YES;
				CLANG_WARN_BOOL_CONVERSION = YES;
				CLANG_WARN_COMMA = YES;
				CLANG_WARN_CONSTANT_CONVERSION = YES;
				CLANG_WARN_DEPRECATED_OBJC_IMPLEMENTATIONS = YES;
				CLANG_WARN_DIRECT_OBJC_ISA_USAGE = YES_ERROR;
				CLANG_WARN_DOCUMENTATION_COMMENTS = YES;
				CLANG_WARN_EMPTY_BODY = YES;
				CLANG_WARN_ENUM_CONVERSION = YES;
				CLANG_WARN_INFINITE_RECURSION = YES;
				CLANG_WARN_INT_CONVERSION = YES;
				CLANG_WARN_NON_LITERAL_NULL_CONVERSION = YES;
				CLANG_WARN_OBJC_IMPLICIT_RETAIN_SELF = YES;
				CLANG_WARN_OBJC_LITERAL_CONVERSION = YES;
				CLANG_WARN_OBJC_ROOT_CLASS = YES_ERROR;
				CLANG_WARN_RANGE_LOOP_ANALYSIS = YES;
				CLANG_WARN_STRICT_PROTOTYPES = YES;
				CLANG_WARN_SUSPICIOUS_MOVE = YES;
				CLANG_WARN_UNGUARDED_AVAILABILITY = YES_AGGRESSIVE;
				CLANG_WARN_UNREACHABLE_CODE = YES;
				CLANG_WARN__DUPLICATE_METHOD_MATCH = YES;
				CODE_SIGN_IDENTITY = "iPhone Developer";
				COPY_PHASE_STRIP = NO;
				DEBUG_INFORMATION_FORMAT = dwarf;
				ENABLE_STRICT_OBJC_MSGSEND = YES;
				ENABLE_TESTABILITY = YES;
				GCC_C_LANGUAGE_STANDARD = gnu11;
				GCC_DYNAMIC_NO_PIC = NO;
				GCC_NO_COMMON_BLOCKS = YES;
				GCC_OPTIMIZATION_LEVEL = 0;
				GCC_PREPROCESSOR_DEFINITIONS = (
					"DEBUG=1",
					"$(inherited)",
				);
				GCC_WARN_64_TO_32_BIT_CONVERSION = YES;
				GCC_WARN_ABOUT_RETURN_TYPE = YES_ERROR;
				GCC_WARN_UNDECLARED_SELECTOR = YES;
				GCC_WARN_UNINITIALIZED_AUTOS = YES_AGGRESSIVE;
				GCC_WARN_UNUSED_FUNCTION = YES;
				GCC_WARN_UNUSED_VARIABLE = YES;
				IPHONEOS_DEPLOYMENT_TARGET = 11.4;
				MTL_ENABLE_DEBUG_INFO = YES;
				ONLY_ACTIVE_ARCH = YES;
				SDKROOT = iphoneos;
				SWIFT_ACTIVE_COMPILATION_CONDITIONS = DEBUG;
				SWIFT_OPTIMIZATION_LEVEL = "-Onone";
			};
			name = Debug;
		};
		64A3BC4F20D4D66C00CF0E79 /* Release */ = {
			isa = XCBuildConfiguration;
			buildSettings = {
				ALWAYS_SEARCH_USER_PATHS = NO;
				CLANG_ANALYZER_NONNULL = YES;
				CLANG_ANALYZER_NUMBER_OBJECT_CONVERSION = YES_AGGRESSIVE;
				CLANG_CXX_LANGUAGE_STANDARD = "gnu++14";
				CLANG_CXX_LIBRARY = "libc++";
				CLANG_ENABLE_MODULES = YES;
				CLANG_ENABLE_OBJC_ARC = YES;
				CLANG_ENABLE_OBJC_WEAK = YES;
				CLANG_WARN_BLOCK_CAPTURE_AUTORELEASING = YES;
				CLANG_WARN_BOOL_CONVERSION = YES;
				CLANG_WARN_COMMA = YES;
				CLANG_WARN_CONSTANT_CONVERSION = YES;
				CLANG_WARN_DEPRECATED_OBJC_IMPLEMENTATIONS = YES;
				CLANG_WARN_DIRECT_OBJC_ISA_USAGE = YES_ERROR;
				CLANG_WARN_DOCUMENTATION_COMMENTS = YES;
				CLANG_WARN_EMPTY_BODY = YES;
				CLANG_WARN_ENUM_CONVERSION = YES;
				CLANG_WARN_INFINITE_RECURSION = YES;
				CLANG_WARN_INT_CONVERSION = YES;
				CLANG_WARN_NON_LITERAL_NULL_CONVERSION = YES;
				CLANG_WARN_OBJC_IMPLICIT_RETAIN_SELF = YES;
				CLANG_WARN_OBJC_LITERAL_CONVERSION = YES;
				CLANG_WARN_OBJC_ROOT_CLASS = YES_ERROR;
				CLANG_WARN_RANGE_LOOP_ANALYSIS = YES;
				CLANG_WARN_STRICT_PROTOTYPES = YES;
				CLANG_WARN_SUSPICIOUS_MOVE = YES;
				CLANG_WARN_UNGUARDED_AVAILABILITY = YES_AGGRESSIVE;
				CLANG_WARN_UNREACHABLE_CODE = YES;
				CLANG_WARN__DUPLICATE_METHOD_MATCH = YES;
				CODE_SIGN_IDENTITY = "iPhone Developer";
				COPY_PHASE_STRIP = NO;
				DEBUG_INFORMATION_FORMAT = "dwarf-with-dsym";
				ENABLE_NS_ASSERTIONS = NO;
				ENABLE_STRICT_OBJC_MSGSEND = YES;
				GCC_C_LANGUAGE_STANDARD = gnu11;
				GCC_NO_COMMON_BLOCKS = YES;
				GCC_WARN_64_TO_32_BIT_CONVERSION = YES;
				GCC_WARN_ABOUT_RETURN_TYPE = YES_ERROR;
				GCC_WARN_UNDECLARED_SELECTOR = YES;
				GCC_WARN_UNINITIALIZED_AUTOS = YES_AGGRESSIVE;
				GCC_WARN_UNUSED_FUNCTION = YES;
				GCC_WARN_UNUSED_VARIABLE = YES;
				IPHONEOS_DEPLOYMENT_TARGET = 11.4;
				MTL_ENABLE_DEBUG_INFO = NO;
				SDKROOT = iphoneos;
				SWIFT_COMPILATION_MODE = wholemodule;
				SWIFT_OPTIMIZATION_LEVEL = "-O";
				VALIDATE_PRODUCT = YES;
			};
			name = Release;
		};
		64A3BC5120D4D66C00CF0E79 /* Debug */ = {
			isa = XCBuildConfiguration;
			buildSettings = {
				ASSETCATALOG_COMPILER_APPICON_NAME = AppIcon;
				CODE_SIGN_STYLE = Automatic;
				DEVELOPMENT_TEAM = "";
				INFOPLIST_FILE = Example/Info.plist;
				IPHONEOS_DEPLOYMENT_TARGET = 10.0;
				LD_RUNPATH_SEARCH_PATHS = (
					"$(inherited)",
					"@executable_path/Frameworks",
				);
				PRODUCT_BUNDLE_IDENTIFIER = "jp.hajime-nakamura.Example";
				PRODUCT_NAME = "$(TARGET_NAME)";
				SWIFT_VERSION = 5.0;
				TARGETED_DEVICE_FAMILY = "1,2";
			};
			name = Debug;
		};
		64A3BC5220D4D66C00CF0E79 /* Release */ = {
			isa = XCBuildConfiguration;
			buildSettings = {
				ASSETCATALOG_COMPILER_APPICON_NAME = AppIcon;
				CODE_SIGN_STYLE = Automatic;
				DEVELOPMENT_TEAM = "";
				INFOPLIST_FILE = Example/Info.plist;
				IPHONEOS_DEPLOYMENT_TARGET = 10.0;
				LD_RUNPATH_SEARCH_PATHS = (
					"$(inherited)",
					"@executable_path/Frameworks",
				);
				PRODUCT_BUNDLE_IDENTIFIER = "jp.hajime-nakamura.Example";
				PRODUCT_NAME = "$(TARGET_NAME)";
				SWIFT_VERSION = 5.0;
				TARGETED_DEVICE_FAMILY = "1,2";
			};
			name = Release;
		};
/* End XCBuildConfiguration section */

/* Begin XCConfigurationList section */
		64A3BC3920D4D66B00CF0E79 /* Build configuration list for PBXProject "Example" */ = {
			isa = XCConfigurationList;
			buildConfigurations = (
				64A3BC4E20D4D66C00CF0E79 /* Debug */,
				64A3BC4F20D4D66C00CF0E79 /* Release */,
			);
			defaultConfigurationIsVisible = 0;
			defaultConfigurationName = Release;
		};
		64A3BC5020D4D66C00CF0E79 /* Build configuration list for PBXNativeTarget "Example" */ = {
			isa = XCConfigurationList;
			buildConfigurations = (
				64A3BC5120D4D66C00CF0E79 /* Debug */,
				64A3BC5220D4D66C00CF0E79 /* Release */,
			);
			defaultConfigurationIsVisible = 0;
			defaultConfigurationName = Release;
		};
/* End XCConfigurationList section */
	};
	rootObject = 64A3BC3620D4D66B00CF0E79 /* Project object */;
}
